
Microsoft Visual Studio Solution File, Format Version 12.00
# Visual Studio 15
Project("{FAE04EC0-301F-11D3-BF4B-00C04F79EFBC}") = "Assembly-CSharp-Editor", "Assembly-CSharp-Editor.csproj", "{60B02221-5544-A913-3291-DE3D482A90CD}"
EndProject
Project("{FAE04EC0-301F-11D3-BF4B-00C04F79EFBC}") = "Assembly-CSharp", "Assembly-CSharp.csproj", "{87D82BC3-DCAB-5805-F912-60039E2ABA22}"
EndProject
Global
	GlobalSection(SolutionConfigurationPlatforms) = preSolution
		Debug|Any CPU = Debug|Any CPU
		Release|Any CPU = Release|Any CPU
	EndGlobalSection
	GlobalSection(ProjectConfigurationPlatforms) = postSolution
		{60B02221-5544-A913-3291-DE3D482A90CD}.Debug|Any CPU.ActiveCfg = Debug|Any CPU
		{60B02221-5544-A913-3291-DE3D482A90CD}.Debug|Any CPU.Build.0 = Debug|Any CPU
		{60B02221-5544-A913-3291-DE3D482A90CD}.Release|Any CPU.ActiveCfg = Release|Any CPU
		{60B02221-5544-A913-3291-DE3D482A90CD}.Release|Any CPU.Build.0 = Release|Any CPU
		{87D82BC3-DCAB-5805-F912-60039E2ABA22}.Debug|Any CPU.ActiveCfg = Debug|Any CPU
		{87D82BC3-DCAB-5805-F912-60039E2ABA22}.Debug|Any CPU.Build.0 = Debug|Any CPU
		{87D82BC3-DCAB-5805-F912-60039E2ABA22}.Release|Any CPU.ActiveCfg = Release|Any CPU
		{87D82BC3-DCAB-5805-F912-60039E2ABA22}.Release|Any CPU.Build.0 = Release|Any CPU
	EndGlobalSection
	GlobalSection(SolutionProperties) = preSolution
		HideSolutionNode = FALSE
	EndGlobalSection
EndGlobal
